
Microsoft Visual Studio Solution File, Format Version 12.00
# Visual Studio Version 17
VisualStudioVersion = 17.0.32014.148
MinimumVisualStudioVersion = 10.0.40219.1
Project("{FAE04EC0-301F-11D3-BF4B-00C04F79EFBC}") = "BarkodluSatisProgrami", "BarkodluSatisProgrami\BarkodluSatisProgrami.csproj", "{37E6D2F2-3A4B-41B1-B0B4-51EDC107A1CB}"
EndProject
Global
	GlobalSection(SolutionConfigurationPlatforms) = preSolution
		Debug|Any CPU = Debug|Any CPU
		Release|Any CPU = Release|Any CPU
	EndGlobalSection
	GlobalSection(ProjectConfigurationPlatforms) = postSolution
		{37E6D2F2-3A4B-41B1-B0B4-51EDC107A1CB}.Debug|Any CPU.ActiveCfg = Debug|Any CPU
		{37E6D2F2-3A4B-41B1-B0B4-51EDC107A1CB}.Debug|Any CPU.Build.0 = Debug|Any CPU
		{37E6D2F2-3A4B-41B1-B0B4-51EDC107A1CB}.Release|Any CPU.ActiveCfg = Release|Any CPU
		{37E6D2F2-3A4B-41B1-B0B4-51EDC107A1CB}.Release|Any CPU.Build.0 = Release|Any CPU
	EndGlobalSection
	GlobalSection(SolutionProperties) = preSolution
		HideSolutionNode = FALSE
	EndGlobalSection
	GlobalSection(ExtensibilityGlobals) = postSolution
		SolutionGuid = {2A6358CE-5CFE-43EA-8233-CC7EE860DF25}
	EndGlobalSection
EndGlobal
